
Microsoft Visual Studio Solution File, Format Version 12.00
# Visual Studio Version 17
VisualStudioVersion = 17.7.34221.43
MinimumVisualStudioVersion = 10.0.40219.1
Project("{9A19103F-16F7-4668-BE54-9A1E7A4F7556}") = "Design Patterns - Assignment5", "Design Patterns - Assignment5.csproj", "{E2DEACED-4221-4AF0-8644-3269C80866C4}"
EndProject
Global
	GlobalSection(SolutionConfigurationPlatforms) = preSolution
		Debug|Any CPU = Debug|Any CPU
		Release|Any CPU = Release|Any CPU
	EndGlobalSection
	GlobalSection(ProjectConfigurationPlatforms) = postSolution
		{E2DEACED-4221-4AF0-8644-3269C80866C4}.Debug|Any CPU.ActiveCfg = Debug|Any CPU
		{E2DEACED-4221-4AF0-8644-3269C80866C4}.Debug|Any CPU.Build.0 = Debug|Any CPU
		{E2DEACED-4221-4AF0-8644-3269C80866C4}.Release|Any CPU.ActiveCfg = Release|Any CPU
		{E2DEACED-4221-4AF0-8644-3269C80866C4}.Release|Any CPU.Build.0 = Release|Any CPU
	EndGlobalSection
	GlobalSection(SolutionProperties) = preSolution
		HideSolutionNode = FALSE
	EndGlobalSection
	GlobalSection(ExtensibilityGlobals) = postSolution
		SolutionGuid = {64FB133F-33AB-42E8-846A-1236BD13A650}
	EndGlobalSection
EndGlobal
